// !$*UTF8*$!
{
	archiveVersion = 1;
	classes = {
	};
	objectVersion = 46;
	objects = {

/* Begin PBXBuildFile section */
		68047BC81C8F7F3D00E229BB /* main.m in Sources */ = {isa = PBXBuildFile; fileRef = 68047BC71C8F7F3D00E229BB /* main.m */; };
		68047BCB1C8F7F3D00E229BB /* AppDelegate.m in Sources */ = {isa = PBXBuildFile; fileRef = 68047BCA1C8F7F3D00E229BB /* AppDelegate.m */; };
		68047BCE1C8F7F3D00E229BB /* ViewController.m in Sources */ = {isa = PBXBuildFile; fileRef = 68047BCD1C8F7F3D00E229BB /* ViewController.m */; };
		68047BD11C8F7F3D00E229BB /* Main.storyboard in Resources */ = {isa = PBXBuildFile; fileRef = 68047BCF1C8F7F3D00E229BB /* Main.storyboard */; };
		68047BD31C8F7F3D00E229BB /* Assets.xcassets in Resources */ = {isa = PBXBuildFile; fileRef = 68047BD21C8F7F3D00E229BB /* Assets.xcassets */; };
		68047BD61C8F7F3D00E229BB /* LaunchScreen.storyboard in Resources */ = {isa = PBXBuildFile; fileRef = 68047BD41C8F7F3D00E229BB /* LaunchScreen.storyboard */; };
		68047BE21C8F980000E229BB /* SecondViewController.m in Sources */ = {isa = PBXBuildFile; fileRef = 68047BE11C8F980000E229BB /* SecondViewController.m */; };
		68047BE51C8F99AD00E229BB /* FirstViewController.m in Sources */ = {isa = PBXBuildFile; fileRef = 68047BE41C8F99AD00E229BB /* FirstViewController.m */; };
/* End PBXBuildFile section */

/* Begin PBXFileReference section */
		68047BC31C8F7F3D00E229BB /* Comic.app */ = {isa = PBXFileReference; explicitFileType = wrapper.application; includeInIndex = 0; path = Comic.app; sourceTree = BUILT_PRODUCTS_DIR; };
		68047BC71C8F7F3D00E229BB /* main.m */ = {isa = PBXFileReference; lastKnownFileType = sourcecode.c.objc; path = main.m; sourceTree = "<group>"; };
		68047BC91C8F7F3D00E229BB /* AppDelegate.h */ = {isa = PBXFileReference; lastKnownFileType = sourcecode.c.h; path = AppDelegate.h; sourceTree = "<group>"; };
		68047BCA1C8F7F3D00E229BB /* AppDelegate.m */ = {isa = PBXFileReference; lastKnownFileType = sourcecode.c.objc; path = AppDelegate.m; sourceTree = "<group>"; };
		68047BCC1C8F7F3D00E229BB /* ViewController.h */ = {isa = PBXFileReference; lastKnownFileType = sourcecode.c.h; path = ViewController.h; sourceTree = "<group>"; };
		68047BCD1C8F7F3D00E229BB /* ViewController.m */ = {isa = PBXFileReference; lastKnownFileType = sourcecode.c.objc; path = ViewController.m; sourceTree = "<group>"; };
		68047BD01C8F7F3D00E229BB /* Base */ = {isa = PBXFileReference; lastKnownFileType = file.storyboard; name = Base; path = Base.lproj/Main.storyboard; sourceTree = "<group>"; };
		68047BD21C8F7F3D00E229BB /* Assets.xcassets */ = {isa = PBXFileReference; lastKnownFileType = folder.assetcatalog; path = Assets.xcassets; sourceTree = "<group>"; };
		68047BD51C8F7F3D00E229BB /* Base */ = {isa = PBXFileReference; lastKnownFileType = file.storyboard; name = Base; path = Base.lproj/LaunchScreen.storyboard; sourceTree = "<group>"; };
		68047BD71C8F7F3D00E229BB /* Info.plist */ = {isa = PBXFileReference; lastKnownFileType = text.plist.xml; path = Info.plist; sourceTree = "<group>"; };
		68047BE01C8F980000E229BB /* SecondViewController.h */ = {isa = PBXFileReference; fileEncoding = 4; lastKnownFileType = sourcecode.c.h; path = SecondViewController.h; sourceTree = "<group>"; };
		68047BE11C8F980000E229BB /* SecondViewController.m */ = {isa = PBXFileReference; fileEncoding = 4; lastKnownFileType = sourcecode.c.objc; path = SecondViewController.m; sourceTree = "<group>"; };
		68047BE31C8F99AD00E229BB /* FirstViewController.h */ = {isa = PBXFileReference; fileEncoding = 4; lastKnownFileType = sourcecode.c.h; path = FirstViewController.h; sourceTree = "<group>"; };
		68047BE41C8F99AD00E229BB /* FirstViewController.m */ = {isa = PBXFileReference; fileEncoding = 4; lastKnownFileType = sourcecode.c.objc; path = FirstViewController.m; sourceTree = "<group>"; };
/* End PBXFileReference section */

/* Begin PBXFrameworksBuildPhase section */
		68047BC01C8F7F3D00E229BB /* Frameworks */ = {
			isa = PBXFrameworksBuildPhase;
			buildActionMask = 2147483647;
			files = (
			);
			runOnlyForDeploymentPostprocessing = 0;
		};
/* End PBXFrameworksBuildPhase section */

/* Begin PBXGroup section */
		68047BBA1C8F7F3D00E229BB = {
			isa = PBXGroup;
			children = (
				68047BC51C8F7F3D00E229BB /* Comic */,
				68047BC41C8F7F3D00E229BB /* Products */,
			);
			sourceTree = "<group>";
		};
		68047BC41C8F7F3D00E229BB /* Products */ = {
			isa = PBXGroup;
			children = (
				68047BC31C8F7F3D00E229BB /* Comic.app */,
			);
			name = Products;
			sourceTree = "<group>";
		};
		68047BC51C8F7F3D00E229BB /* Comic */ = {
			isa = PBXGroup;
			children = (
				68047BC91C8F7F3D00E229BB /* AppDelegate.h */,
				68047BCA1C8F7F3D00E229BB /* AppDelegate.m */,
				68047BCC1C8F7F3D00E229BB /* ViewController.h */,
				68047BCD1C8F7F3D00E229BB /* ViewController.m */,
				68047BE01C8F980000E229BB /* SecondViewController.h */,
				68047BE11C8F980000E229BB /* SecondViewController.m */,
				68047BE31C8F99AD00E229BB /* FirstViewController.h */,
				68047BE41C8F99AD00E229BB /* FirstViewController.m */,
				68047BCF1C8F7F3D00E229BB /* Main.storyboard */,
				68047BD21C8F7F3D00E229BB /* Assets.xcassets */,
				68047BD41C8F7F3D00E229BB /* LaunchScreen.storyboard */,
				68047BD71C8F7F3D00E229BB /* Info.plist */,
				68047BC61C8F7F3D00E229BB /* Supporting Files */,
			);
			path = Comic;
			sourceTree = "<group>";
		};
		68047BC61C8F7F3D00E229BB /* Supporting Files */ = {
			isa = PBXGroup;
			children = (
				68047BC71C8F7F3D00E229BB /* main.m */,
			);
			name = "Supporting Files";
			sourceTree = "<group>";
		};
/* End PBXGroup section */

/* Begin PBXNativeTarget section */
		68047BC21C8F7F3D00E229BB /* Comic */ = {
			isa = PBXNativeTarget;
			buildConfigurationList = 68047BDA1C8F7F3D00E229BB /* Build configuration list for PBXNativeTarget "Comic" */;
			buildPhases = (
				68047BBF1C8F7F3D00E229BB /* Sources */,
				68047BC01C8F7F3D00E229BB /* Frameworks */,
				68047BC11C8F7F3D00E229BB /* Resources */,
			);
			buildRules = (
			);
			dependencies = (
			);
			name = Comic;
			productName = Comic;
			productReference = 68047BC31C8F7F3D00E229BB /* Comic.app */;
			productType = "com.apple.product-type.application";
		};
/* End PBXNativeTarget section */

/* Begin PBXProject section */
		68047BBB1C8F7F3D00E229BB /* Project object */ = {
			isa = PBXProject;
			attributes = {
				LastUpgradeCheck = 0720;
				ORGANIZATIONNAME = Hiroshi;
				TargetAttributes = {
					68047BC21C8F7F3D00E229BB = {
						CreatedOnToolsVersion = 7.2;
					};
				};
			};
			buildConfigurationList = 68047BBE1C8F7F3D00E229BB /* Build configuration list for PBXProject "Comic" */;
			compatibilityVersion = "Xcode 3.2";
			developmentRegion = English;
			hasScannedForEncodings = 0;
			knownRegions = (
				en,
				Base,
			);
			mainGroup = 68047BBA1C8F7F3D00E229BB;
			productRefGroup = 68047BC41C8F7F3D00E229BB /* Products */;
			projectDirPath = "";
			projectRoot = "";
			targets = (
				68047BC21C8F7F3D00E229BB /* Comic */,
			);
		};
/* End PBXProject section */

/* Begin PBXResourcesBuildPhase section */
		68047BC11C8F7F3D00E229BB /* Resources */ = {
			isa = PBXResourcesBuildPhase;
			buildActionMask = 2147483647;
			files = (
				68047BD61C8F7F3D00E229BB /* LaunchScreen.storyboard in Resources */,
				68047BD31C8F7F3D00E229BB /* Assets.xcassets in Resources */,
				68047BD11C8F7F3D00E229BB /* Main.storyboard in Resources */,
			);
			runOnlyForDeploymentPostprocessing = 0;
		};
/* End PBXResourcesBuildPhase section */

/* Begin PBXSourcesBuildPhase section */
		68047BBF1C8F7F3D00E229BB /* Sources */ = {
			isa = PBXSourcesBuildPhase;
			buildActionMask = 2147483647;
			files = (
				68047BE21C8F980000E229BB /* SecondViewController.m in Sources */,
				68047BCE1C8F7F3D00E229BB /* ViewController.m in Sources */,
				68047BE51C8F99AD00E229BB /* FirstViewController.m in Sources */,
				68047BCB1C8F7F3D00E229BB /* AppDelegate.m in Sources */,
				68047BC81C8F7F3D00E229BB /* main.m in Sources */,
			);
			runOnlyForDeploymentPostprocessing = 0;
		};
/* End PBXSourcesBuildPhase section */

/* Begin PBXVariantGroup section */
		68047BCF1C8F7F3D00E229BB /* Main.storyboard */ = {
			isa = PBXVariantGroup;
			children = (
				68047BD01C8F7F3D00E229BB /* Base */,
			);
			name = Main.storyboard;
			sourceTree = "<group>";
		};
		68047BD41C8F7F3D00E229BB /* LaunchScreen.storyboard */ = {
			isa = PBXVariantGroup;
			children = (
				68047BD51C8F7F3D00E229BB /* Base */,
			);
			name = LaunchScreen.storyboard;
			sourceTree = "<group>";
		};
/* End PBXVariantGroup section */

/* Begin XCBuildConfiguration section */
		68047BD81C8F7F3D00E229BB /* Debug */ = {
			isa = XCBuildConfiguration;
			buildSettings = {
				ALWAYS_SEARCH_USER_PATHS = NO;
				CLANG_CXX_LANGUAGE_STANDARD = "gnu++0x";
				CLANG_CXX_LIBRARY = "libc++";
				CLANG_ENABLE_MODULES = YES;
				CLANG_ENABLE_OBJC_ARC = YES;
				CLANG_WARN_BOOL_CONVERSION = YES;
				CLANG_WARN_CONSTANT_CONVERSION = YES;
				CLANG_WARN_DIRECT_OBJC_ISA_USAGE = YES_ERROR;
				CLANG_WARN_EMPTY_BODY = YES;
				CLANG_WARN_ENUM_CONVERSION = YES;
				CLANG_WARN_INT_CONVERSION = YES;
				CLANG_WARN_OBJC_ROOT_CLASS = YES_ERROR;
				CLANG_WARN_UNREACHABLE_CODE = YES;
				CLANG_WARN__DUPLICATE_METHOD_MATCH = YES;
				"CODE_SIGN_IDENTITY[sdk=iphoneos*]" = "iPhone Developer";
				COPY_PHASE_STRIP = NO;
				DEBUG_INFORMATION_FORMAT = dwarf;
				ENABLE_STRICT_OBJC_MSGSEND = YES;
				ENABLE_TESTABILITY = YES;
				GCC_C_LANGUAGE_STANDARD = gnu99;
				GCC_DYNAMIC_NO_PIC = NO;
				GCC_NO_COMMON_BLOCKS = YES;
				GCC_OPTIMIZATION_LEVEL = 0;
				GCC_PREPROCESSOR_DEFINITIONS = (
					"DEBUG=1",
					"$(inherited)",
				);
				GCC_WARN_64_TO_32_BIT_CONVERSION = YES;
				GCC_WARN_ABOUT_RETURN_TYPE = YES_ERROR;
				GCC_WARN_UNDECLARED_SELECTOR = YES;
				GCC_WARN_UNINITIALIZED_AUTOS = YES_AGGRESSIVE;
				GCC_WARN_UNUSED_FUNCTION = YES;
				GCC_WARN_UNUSED_VARIABLE = YES;
				IPHONEOS_DEPLOYMENT_TARGET = 9.2;
				MTL_ENABLE_DEBUG_INFO = YES;
				ONLY_ACTIVE_ARCH = YES;
				SDKROOT = iphoneos;
				TARGETED_DEVICE_FAMILY = "1,2";
			};
			name = Debug;
		};
		68047BD91C8F7F3D00E229BB /* Release */ = {
			isa = XCBuildConfiguration;
			buildSettings = {
				ALWAYS_SEARCH_USER_PATHS = NO;
				CLANG_CXX_LANGUAGE_STANDARD = "gnu++0x";
				CLANG_CXX_LIBRARY = "libc++";
				CLANG_ENABLE_MODULES = YES;
				CLANG_ENABLE_OBJC_ARC = YES;
				CLANG_WARN_BOOL_CONVERSION = YES;
				CLANG_WARN_CONSTANT_CONVERSION = YES;
				CLANG_WARN_DIRECT_OBJC_ISA_USAGE = YES_ERROR;
				CLANG_WARN_EMPTY_BODY = YES;
				CLANG_WARN_ENUM_CONVERSION = YES;
				CLANG_WARN_INT_CONVERSION = YES;
				CLANG_WARN_OBJC_ROOT_CLASS = YES_ERROR;
				CLANG_WARN_UNREACHABLE_CODE = YES;
				CLANG_WARN__DUPLICATE_METHOD_MATCH = YES;
				"CODE_SIGN_IDENTITY[sdk=iphoneos*]" = "iPhone Developer";
				COPY_PHASE_STRIP = NO;
				DEBUG_INFORMATION_FORMAT = "dwarf-with-dsym";
				ENABLE_NS_ASSERTIONS = NO;
				ENABLE_STRICT_OBJC_MSGSEND = YES;
				GCC_C_LANGUAGE_STANDARD = gnu99;
				GCC_NO_COMMON_BLOCKS = YES;
				GCC_WARN_64_TO_32_BIT_CONVERSION = YES;
				GCC_WARN_ABOUT_RETURN_TYPE = YES_ERROR;
				GCC_WARN_UNDECLARED_SELECTOR = YES;
				GCC_WARN_UNINITIALIZED_AUTOS = YES_AGGRESSIVE;
				GCC_WARN_UNUSED_FUNCTION = YES;
				GCC_WARN_UNUSED_VARIABLE = YES;
				IPHONEOS_DEPLOYMENT_TARGET = 9.2;
				MTL_ENABLE_DEBUG_INFO = NO;
				SDKROOT = iphoneos;
				TARGETED_DEVICE_FAMILY = "1,2";
				VALIDATE_PRODUCT = YES;
			};
			name = Release;
		};
		68047BDB1C8F7F3D00E229BB /* Debug */ = {
			isa = XCBuildConfiguration;
			buildSettings = {
				ASSETCATALOG_COMPILER_APPICON_NAME = AppIcon;
				INFOPLIST_FILE = Comic/Info.plist;
				LD_RUNPATH_SEARCH_PATHS = "$(inherited) @executable_path/Frameworks";
				PRODUCT_BUNDLE_IDENTIFIER = com.hiro.Comic;
				PRODUCT_NAME = "$(TARGET_NAME)";
			};
			name = Debug;
		};
		68047BDC1C8F7F3D00E229BB /* Release */ = {
			isa = XCBuildConfiguration;
			buildSettings = {
				ASSETCATALOG_COMPILER_APPICON_NAME = AppIcon;
				INFOPLIST_FILE = Comic/Info.plist;
				LD_RUNPATH_SEARCH_PATHS = "$(inherited) @executable_path/Frameworks";
				PRODUCT_BUNDLE_IDENTIFIER = com.hiro.Comic;
				PRODUCT_NAME = "$(TARGET_NAME)";
			};
			name = Release;
		};
/* End XCBuildConfiguration section */

/* Begin XCConfigurationList section */
		68047BBE1C8F7F3D00E229BB /* Build configuration list for PBXProject "Comic" */ = {
			isa = XCConfigurationList;
			buildConfigurations = (
				68047BD81C8F7F3D00E229BB /* Debug */,
				68047BD91C8F7F3D00E229BB /* Release */,
			);
			defaultConfigurationIsVisible = 0;
			defaultConfigurationName = Release;
		};
		68047BDA1C8F7F3D00E229BB /* Build configuration list for PBXNativeTarget "Comic" */ = {
			isa = XCConfigurationList;
			buildConfigurations = (
				68047BDB1C8F7F3D00E229BB /* Debug */,
				68047BDC1C8F7F3D00E229BB /* Release */,
			);
			defaultConfigurationIsVisible = 0;
			defaultConfigurationName = Release;
		};
/* End XCConfigurationList section */
	};
	rootObject = 68047BBB1C8F7F3D00E229BB /* Project object */;
}
